
Microsoft Visual Studio Solution File, Format Version 12.00
# Visual Studio Version 17
VisualStudioVersion = 17.8.34330.188
MinimumVisualStudioVersion = 10.0.40219.1
Project("{8BC9CEB8-8B4A-11D0-8D11-00A0C91BC942}") = "exprcpp", "exprcpp\exprcpp.vcxproj", "{26E04E1A-E3EC-4DD9-B9BD-6422BEB3D0B4}"
EndProject
Project("{8BC9CEB8-8B4A-11D0-8D11-00A0C91BC942}") = "example", "example\example.vcxproj", "{7DED8F2E-3889-4CA7-92E1-4923C99F8264}"
EndProject
Global
	GlobalSection(SolutionConfigurationPlatforms) = preSolution
		Debug|x64 = Debug|x64
		Debug|x86 = Debug|x86
		Release|x64 = Release|x64
		Release|x86 = Release|x86
	EndGlobalSection
	GlobalSection(ProjectConfigurationPlatforms) = postSolution
		{26E04E1A-E3EC-4DD9-B9BD-6422BEB3D0B4}.Debug|x64.ActiveCfg = Debug|x64
		{26E04E1A-E3EC-4DD9-B9BD-6422BEB3D0B4}.Debug|x64.Build.0 = Debug|x64
		{26E04E1A-E3EC-4DD9-B9BD-6422BEB3D0B4}.Debug|x86.ActiveCfg = Debug|Win32
		{26E04E1A-E3EC-4DD9-B9BD-6422BEB3D0B4}.Debug|x86.Build.0 = Debug|Win32
		{26E04E1A-E3EC-4DD9-B9BD-6422BEB3D0B4}.Release|x64.ActiveCfg = Release|x64
		{26E04E1A-E3EC-4DD9-B9BD-6422BEB3D0B4}.Release|x64.Build.0 = Release|x64
		{26E04E1A-E3EC-4DD9-B9BD-6422BEB3D0B4}.Release|x86.ActiveCfg = Release|Win32
		{26E04E1A-E3EC-4DD9-B9BD-6422BEB3D0B4}.Release|x86.Build.0 = Release|Win32
		{7DED8F2E-3889-4CA7-92E1-4923C99F8264}.Debug|x64.ActiveCfg = Debug|x64
		{7DED8F2E-3889-4CA7-92E1-4923C99F8264}.Debug|x64.Build.0 = Debug|x64
		{7DED8F2E-3889-4CA7-92E1-4923C99F8264}.Debug|x86.ActiveCfg = Debug|Win32
		{7DED8F2E-3889-4CA7-92E1-4923C99F8264}.Debug|x86.Build.0 = Debug|Win32
		{7DED8F2E-3889-4CA7-92E1-4923C99F8264}.Release|x64.ActiveCfg = Release|x64
		{7DED8F2E-3889-4CA7-92E1-4923C99F8264}.Release|x64.Build.0 = Release|x64
		{7DED8F2E-3889-4CA7-92E1-4923C99F8264}.Release|x86.ActiveCfg = Release|Win32
		{7DED8F2E-3889-4CA7-92E1-4923C99F8264}.Release|x86.Build.0 = Release|Win32
	EndGlobalSection
	GlobalSection(SolutionProperties) = preSolution
		HideSolutionNode = FALSE
	EndGlobalSection
	GlobalSection(ExtensibilityGlobals) = postSolution
		SolutionGuid = {833D8E8B-444B-4BF5-B113-464560902829}
	EndGlobalSection
EndGlobal
